github.com/booster-proj/core v0.1.1 h1:aUJ1quqw1Jxt86p07gmW7FB5GNB90+w1BM/zh7hnKc8=
github.com/booster-proj/core v0.1.1/go.mod h1:S45p4xcXkvm8HMxPunhHqmMWC2xeaKb2ZqIqLBjnMN4=
github.com/booster-proj/log v0.0.0-20181018152734-1237d1c945a4 h1:tFWX9r7OjrMXGbKscxezPtNIqkrV7j9/cKGzNlf5ObE=
github.com/booster-proj/log v0.0.0-20181018152734-1237d1c945a4/go.mod h1:DqLh+BshcSvoy7vIjff2JF5Z3dRMxhuK/+GA/fDIP1Q=
github.com/booster-proj/log v0.0.0-20181025133937-1bd4e6a7946f h1:WWqYAMNtqAB/MWZYn0vbl8q0PMkkmH8PvGODlWxzcXU=
github.com/booster-proj/log v0.0.0-20181025133937-1bd4e6a7946f/go.mod h1:DqLh+BshcSvoy7vIjff2JF5Z3dRMxhuK/+GA/fDIP1Q=
github.com/booster-proj/proxy v0.0.0-20181019142104-6e269fd48123 h1:u9oBRPecDx92sNJi0Gl7A3Qdlak5AoGYUTRpIhrPENQ=
github.com/booster-proj/proxy v0.0.0-20181019142104-6e269fd48123/go.mod h1:5dAxiBVW7b09noqi4Kf7uKKX0KZ6IC58rv6bGPrdhMA=
github.com/booster-proj/proxy v0.1.1 h1:VujJItcbhsSZS8TT5zkrizpgw9+dAAEiB3OPw0KrboM=
github.com/booster-proj/proxy v0.1.1/go.mod h1:le5Yiwdxl9hONszuGsdz3dJtafDZs938B2hwn7DctAc=
golang.org/x/net v0.0.0-20180801234040-f4c29de78a2a h1:8fCF9zjAir2SP3N+axz9xs+0r4V8dqPzqsWO10t8zoo=
golang.org/x/net v0.0.0-20180801234040-f4c29de78a2a/go.mod h1:mL1N/T3taQHkDXs73rZJwtUhF3w3ftmwwsq0BUmARs4=
golang.org/x/net v0.0.0-20181114220301-adae6a3d119a/go.mod h1:mL1N/T3taQHkDXs73rZJwtUhF3w3ftmwwsq0BUmARs4=
golang.org/x/sync v0.0.0-20180314180146-1d60e4601c6f h1:wMNYb4v58l5UBM7MYRLPG6ZhfOqbKu7X5eyFl8ZhKvA=
golang.org/x/sync v0.0.0-20180314180146-1d60e4601c6f/go.mod h1:RxMgew5VJxzue5/jJTE5uejpjVlOe/izrB70Jof72aM=
golang.org/x/sync v0.0.0-20181108010431-42b317875d0f h1:Bl/8QSvNqXvPGPGXa2z5xUTmV7VDcZyvRZ+QQXkXTZQ=
golang.org/x/sync v0.0.0-20181108010431-42b317875d0f/go.mod h1:RxMgew5VJxzue5/jJTE5uejpjVlOe/izrB70Jof72aM=
golang.org/x/sys v0.0.0-20181026064943-731415f00dce h1:196tugxh+2x7vxu5cHKw/TepDbiqTPsHAm+12BkDe0w=
golang.org/x/sys v0.0.0-20181026064943-731415f00dce/go.mod h1:STP8DvDyc/dI5b8T5hshtkjS+E42TnysNCUPdjciGhY=
upspin.io v0.0.0-20180816050821-c137ad0d6be9 h1:cHep5ZfwbkvJ3mBXmxuq2IyaHVnOSqXDf2R58uWPJgo=
upspin.io v0.0.0-20180816050821-c137ad0d6be9/go.mod h1:4hdXTXkMPXxzbiw/sultoifpccn98hChAFvrU19V2ug=
