github.com/songgao/water v0.0.0-20190402020555-6ad6edefb15c h1:VZsL/fAl8XnHj5Zn+cRvLcFbMHmCj7tdPrkKZSRziJ0=
github.com/songgao/water v0.0.0-20190402020555-6ad6edefb15c/go.mod h1:P5HUIBuIWKbyjl083/loAegFkfbFNx5i2qEP4CNbm7E=
golang.org/x/sys v0.0.0-20190515120540-06a5c4944438 h1:khxRGsvPk4n2y8I/mLLjp7e5dMTJmH75wvqS6nMwUtY=
golang.org/x/sys v0.0.0-20190515120540-06a5c4944438/go.mod h1:h1NjWce9XRLGQEsW7wpKNCjG9DtNlClVuFLEZdDNbEs=
